
Microsoft Visual Studio Solution File, Format Version 12.00
# Visual Studio Version 17
VisualStudioVersion = 17.10.35122.118
MinimumVisualStudioVersion = 10.0.40219.1
Project("{FAE04EC0-301F-11D3-BF4B-00C04F79EFBC}") = "Task0_ProductAPI", "Task0_ProductAPI\Task0_ProductAPI.csproj", "{96F55BCB-9CDE-4A35-8FA8-00EAC4CB69DA}"
EndProject
Project("{2150E333-8FDC-42A3-9474-1A3956D46DE8}") = "1.Server", "1.Server", "{4EF95CE1-B1FB-4CBE-A101-BAF76A1EF882}"
EndProject
Project("{2150E333-8FDC-42A3-9474-1A3956D46DE8}") = "2.Services", "2.Services", "{04459E6B-621D-473C-ACB5-40B4531266AC}"
EndProject
Project("{2150E333-8FDC-42A3-9474-1A3956D46DE8}") = "3.Repository", "3.Repository", "{2BB44656-A5B1-4F4A-81B9-280C4CB80BEA}"
EndProject
Project("{2150E333-8FDC-42A3-9474-1A3956D46DE8}") = "4.Core", "4.Core", "{B3406BF5-FD70-4397-923A-3494E42A5D12}"
EndProject
Project("{FAE04EC0-301F-11D3-BF4B-00C04F79EFBC}") = "Task0_ProductAPI.Contract.Repositories", "Task0_ProductAPI.Contract.Repositories\Task0_ProductAPI.Contract.Repositories.csproj", "{643B641A-ADB0-40D0-8E34-4CDA78B87946}"
EndProject
Project("{FAE04EC0-301F-11D3-BF4B-00C04F79EFBC}") = "Task0_ProductAPI.Contract.Services", "Task0_ProductAPI.Contract.Services\Task0_ProductAPI.Contract.Services.csproj", "{BDEDC290-1C51-434C-8B7A-5895B10660BB}"
EndProject
Project("{FAE04EC0-301F-11D3-BF4B-00C04F79EFBC}") = "Task0_ProductAPI.Services", "Task0_ProductAPI.Services\Task0_ProductAPI.Services.csproj", "{F001A49F-183E-4562-A000-17E232E1924D}"
EndProject
Project("{FAE04EC0-301F-11D3-BF4B-00C04F79EFBC}") = "Task0_ProductAPI.Core", "Task0_ProductAPI.Core\Task0_ProductAPI.Core.csproj", "{4A79F094-2F4F-41AF-B5FA-AA1E3E3D423F}"
EndProject
Project("{FAE04EC0-301F-11D3-BF4B-00C04F79EFBC}") = "Task0_ProductAPI.Repositories", "Task0_ProductAPI.Repositories\Task0_ProductAPI.Repositories.csproj", "{12E09C2B-B9F0-4194-BE4B-DE71C2679E40}"
EndProject
Global
	GlobalSection(SolutionConfigurationPlatforms) = preSolution
		Debug|Any CPU = Debug|Any CPU
		Release|Any CPU = Release|Any CPU
	EndGlobalSection
	GlobalSection(ProjectConfigurationPlatforms) = postSolution
		{96F55BCB-9CDE-4A35-8FA8-00EAC4CB69DA}.Debug|Any CPU.ActiveCfg = Debug|Any CPU
		{96F55BCB-9CDE-4A35-8FA8-00EAC4CB69DA}.Debug|Any CPU.Build.0 = Debug|Any CPU
		{96F55BCB-9CDE-4A35-8FA8-00EAC4CB69DA}.Release|Any CPU.ActiveCfg = Release|Any CPU
		{96F55BCB-9CDE-4A35-8FA8-00EAC4CB69DA}.Release|Any CPU.Build.0 = Release|Any CPU
		{643B641A-ADB0-40D0-8E34-4CDA78B87946}.Debug|Any CPU.ActiveCfg = Debug|Any CPU
		{643B641A-ADB0-40D0-8E34-4CDA78B87946}.Debug|Any CPU.Build.0 = Debug|Any CPU
		{643B641A-ADB0-40D0-8E34-4CDA78B87946}.Release|Any CPU.ActiveCfg = Release|Any CPU
		{643B641A-ADB0-40D0-8E34-4CDA78B87946}.Release|Any CPU.Build.0 = Release|Any CPU
		{BDEDC290-1C51-434C-8B7A-5895B10660BB}.Debug|Any CPU.ActiveCfg = Debug|Any CPU
		{BDEDC290-1C51-434C-8B7A-5895B10660BB}.Debug|Any CPU.Build.0 = Debug|Any CPU
		{BDEDC290-1C51-434C-8B7A-5895B10660BB}.Release|Any CPU.ActiveCfg = Release|Any CPU
		{BDEDC290-1C51-434C-8B7A-5895B10660BB}.Release|Any CPU.Build.0 = Release|Any CPU
		{F001A49F-183E-4562-A000-17E232E1924D}.Debug|Any CPU.ActiveCfg = Debug|Any CPU
		{F001A49F-183E-4562-A000-17E232E1924D}.Debug|Any CPU.Build.0 = Debug|Any CPU
		{F001A49F-183E-4562-A000-17E232E1924D}.Release|Any CPU.ActiveCfg = Release|Any CPU
		{F001A49F-183E-4562-A000-17E232E1924D}.Release|Any CPU.Build.0 = Release|Any CPU
		{4A79F094-2F4F-41AF-B5FA-AA1E3E3D423F}.Debug|Any CPU.ActiveCfg = Debug|Any CPU
		{4A79F094-2F4F-41AF-B5FA-AA1E3E3D423F}.Debug|Any CPU.Build.0 = Debug|Any CPU
		{4A79F094-2F4F-41AF-B5FA-AA1E3E3D423F}.Release|Any CPU.ActiveCfg = Release|Any CPU
		{4A79F094-2F4F-41AF-B5FA-AA1E3E3D423F}.Release|Any CPU.Build.0 = Release|Any CPU
		{12E09C2B-B9F0-4194-BE4B-DE71C2679E40}.Debug|Any CPU.ActiveCfg = Debug|Any CPU
		{12E09C2B-B9F0-4194-BE4B-DE71C2679E40}.Debug|Any CPU.Build.0 = Debug|Any CPU
		{12E09C2B-B9F0-4194-BE4B-DE71C2679E40}.Release|Any CPU.ActiveCfg = Release|Any CPU
		{12E09C2B-B9F0-4194-BE4B-DE71C2679E40}.Release|Any CPU.Build.0 = Release|Any CPU
	EndGlobalSection
	GlobalSection(SolutionProperties) = preSolution
		HideSolutionNode = FALSE
	EndGlobalSection
	GlobalSection(NestedProjects) = preSolution
		{96F55BCB-9CDE-4A35-8FA8-00EAC4CB69DA} = {4EF95CE1-B1FB-4CBE-A101-BAF76A1EF882}
		{643B641A-ADB0-40D0-8E34-4CDA78B87946} = {2BB44656-A5B1-4F4A-81B9-280C4CB80BEA}
		{BDEDC290-1C51-434C-8B7A-5895B10660BB} = {04459E6B-621D-473C-ACB5-40B4531266AC}
		{F001A49F-183E-4562-A000-17E232E1924D} = {04459E6B-621D-473C-ACB5-40B4531266AC}
		{4A79F094-2F4F-41AF-B5FA-AA1E3E3D423F} = {B3406BF5-FD70-4397-923A-3494E42A5D12}
		{12E09C2B-B9F0-4194-BE4B-DE71C2679E40} = {2BB44656-A5B1-4F4A-81B9-280C4CB80BEA}
	EndGlobalSection
	GlobalSection(ExtensibilityGlobals) = postSolution
		SolutionGuid = {C48D32A2-5EBA-4A37-9C62-47B879BCC826}
	EndGlobalSection
EndGlobal
