
Microsoft Visual Studio Solution File, Format Version 12.00
# Visual Studio Version 17
VisualStudioVersion = 17.7.34302.85
MinimumVisualStudioVersion = 10.0.40219.1
Project("{9A19103F-16F7-4668-BE54-9A1E7A4F7556}") = "Task1", "MyWebAPI\Task1.csproj", "{FEB31020-4277-4809-9B62-005AC226F15C}"
EndProject
Global
	GlobalSection(SolutionConfigurationPlatforms) = preSolution
		Debug|Any CPU = Debug|Any CPU
		Release|Any CPU = Release|Any CPU
	EndGlobalSection
	GlobalSection(ProjectConfigurationPlatforms) = postSolution
		{FEB31020-4277-4809-9B62-005AC226F15C}.Debug|Any CPU.ActiveCfg = Debug|Any CPU
		{FEB31020-4277-4809-9B62-005AC226F15C}.Debug|Any CPU.Build.0 = Debug|Any CPU
		{FEB31020-4277-4809-9B62-005AC226F15C}.Release|Any CPU.ActiveCfg = Release|Any CPU
		{FEB31020-4277-4809-9B62-005AC226F15C}.Release|Any CPU.Build.0 = Release|Any CPU
	EndGlobalSection
	GlobalSection(SolutionProperties) = preSolution
		HideSolutionNode = FALSE
	EndGlobalSection
	GlobalSection(ExtensibilityGlobals) = postSolution
		SolutionGuid = {A57B5972-6891-4773-B253-CF88789EA3BE}
	EndGlobalSection
EndGlobal
